
Microsoft Visual Studio Solution File, Format Version 12.00
# Visual Studio Version 16
VisualStudioVersion = 16.0.30503.244
MinimumVisualStudioVersion = 10.0.40219.1
Project("{FAE04EC0-301F-11D3-BF4B-00C04F79EFBC}") = "CapasPrueba", "CapasPrueba\CapasPrueba.csproj", "{622BF356-AD80-4119-B314-2F0DF65CC676}"
EndProject
Project("{FAE04EC0-301F-11D3-BF4B-00C04F79EFBC}") = "Entidad", "Entidad\Entidad.csproj", "{001B811C-DB19-4F69-901B-37BA84E13C82}"
EndProject
Project("{FAE04EC0-301F-11D3-BF4B-00C04F79EFBC}") = "Datos", "Datos\Datos.csproj", "{23FE5F5B-5108-4299-9170-410FDB57EA3E}"
EndProject
Global
	GlobalSection(SolutionConfigurationPlatforms) = preSolution
		Debug|Any CPU = Debug|Any CPU
		Release|Any CPU = Release|Any CPU
	EndGlobalSection
	GlobalSection(ProjectConfigurationPlatforms) = postSolution
		{622BF356-AD80-4119-B314-2F0DF65CC676}.Debug|Any CPU.ActiveCfg = Debug|Any CPU
		{622BF356-AD80-4119-B314-2F0DF65CC676}.Debug|Any CPU.Build.0 = Debug|Any CPU
		{622BF356-AD80-4119-B314-2F0DF65CC676}.Release|Any CPU.ActiveCfg = Release|Any CPU
		{622BF356-AD80-4119-B314-2F0DF65CC676}.Release|Any CPU.Build.0 = Release|Any CPU
		{001B811C-DB19-4F69-901B-37BA84E13C82}.Debug|Any CPU.ActiveCfg = Debug|Any CPU
		{001B811C-DB19-4F69-901B-37BA84E13C82}.Debug|Any CPU.Build.0 = Debug|Any CPU
		{001B811C-DB19-4F69-901B-37BA84E13C82}.Release|Any CPU.ActiveCfg = Release|Any CPU
		{001B811C-DB19-4F69-901B-37BA84E13C82}.Release|Any CPU.Build.0 = Release|Any CPU
		{23FE5F5B-5108-4299-9170-410FDB57EA3E}.Debug|Any CPU.ActiveCfg = Debug|Any CPU
		{23FE5F5B-5108-4299-9170-410FDB57EA3E}.Debug|Any CPU.Build.0 = Debug|Any CPU
		{23FE5F5B-5108-4299-9170-410FDB57EA3E}.Release|Any CPU.ActiveCfg = Release|Any CPU
		{23FE5F5B-5108-4299-9170-410FDB57EA3E}.Release|Any CPU.Build.0 = Release|Any CPU
	EndGlobalSection
	GlobalSection(SolutionProperties) = preSolution
		HideSolutionNode = FALSE
	EndGlobalSection
	GlobalSection(ExtensibilityGlobals) = postSolution
		SolutionGuid = {70F4310E-5EB8-4436-A95C-4DD4135DB219}
	EndGlobalSection
EndGlobal
